
Microsoft Visual Studio Solution File, Format Version 12.00
# Visual Studio Version 16
VisualStudioVersion = 16.0.31624.102
MinimumVisualStudioVersion = 10.0.40219.1
Project("{FAE04EC0-301F-11D3-BF4B-00C04F79EFBC}") = "Balkezesek", "Balkezesek\Balkezesek.csproj", "{1AF02DDA-2EDD-40B0-A4C7-F24800A42FFB}"
EndProject
Global
	GlobalSection(SolutionConfigurationPlatforms) = preSolution
		Debug|Any CPU = Debug|Any CPU
		Release|Any CPU = Release|Any CPU
	EndGlobalSection
	GlobalSection(ProjectConfigurationPlatforms) = postSolution
		{1AF02DDA-2EDD-40B0-A4C7-F24800A42FFB}.Debug|Any CPU.ActiveCfg = Debug|Any CPU
		{1AF02DDA-2EDD-40B0-A4C7-F24800A42FFB}.Debug|Any CPU.Build.0 = Debug|Any CPU
		{1AF02DDA-2EDD-40B0-A4C7-F24800A42FFB}.Release|Any CPU.ActiveCfg = Release|Any CPU
		{1AF02DDA-2EDD-40B0-A4C7-F24800A42FFB}.Release|Any CPU.Build.0 = Release|Any CPU
	EndGlobalSection
	GlobalSection(SolutionProperties) = preSolution
		HideSolutionNode = FALSE
	EndGlobalSection
	GlobalSection(ExtensibilityGlobals) = postSolution
		SolutionGuid = {F54720C1-5983-49DC-9CFE-61DF2E4F1F56}
	EndGlobalSection
EndGlobal
